GEM
  remote: https://rubygems.org/
  specs:
    httpclient (2.8.3)
    json (2.1.0)
    mini_portile2 (2.5.1)
    nokogiri (1.11.4)
      mini_portile2 (~> 2.5.0)
      racc (~> 1.4)
    racc (1.5.2)
    redis (4.1.0)
    redis-namespace (1.6.0)
      redis (>= 3.0.4)
    rss (0.2.7)

PLATFORMS
  ruby

DEPENDENCIES
  httpclient
  json
  nokogiri
  redis
  redis-namespace
  rss
